
Microsoft Visual Studio Solution File, Format Version 12.00
# Visual Studio Version 17
VisualStudioVersion = 17.0.31903.59
MinimumVisualStudioVersion = 10.0.40219.1
Project("{9A19103F-16F7-4668-BE54-9A1E7A4F7556}") = "Task3", "Task3\Task3.csproj", "{A207A0E0-2EBE-44D5-A0E6-05E2EC6BAF6F}"
EndProject
Project("{9A19103F-16F7-4668-BE54-9A1E7A4F7556}") = "Task4", "Task4\Task4.csproj", "{2B718315-9469-443A-B601-53B59A81923C}"
EndProject
Project("{9A19103F-16F7-4668-BE54-9A1E7A4F7556}") = "Task1", "Task1\Task1.csproj", "{FA2B9887-7DE6-454E-894F-4CCAF3386FFD}"
EndProject
Project("{9A19103F-16F7-4668-BE54-9A1E7A4F7556}") = "Task2", "Task2\Task2.csproj", "{12952025-CCD8-4AC0-BDF9-72E760E8503F}"
EndProject
Project("{9A19103F-16F7-4668-BE54-9A1E7A4F7556}") = "Task5", "Task5\Task5.csproj", "{73B7474A-35FA-4442-8731-B6152D463A1F}"
EndProject
Project("{9A19103F-16F7-4668-BE54-9A1E7A4F7556}") = "Task6", "Task6\Task6.csproj", "{7B9829F5-6051-4664-89D5-D73D6286D8A9}"
EndProject
Project("{FAE04EC0-301F-11D3-BF4B-00C04F79EFBC}") = "Task7", "Task7\Task7.csproj", "{9772739D-181F-4092-AFA1-91A48C79D57F}"
EndProject
Global
	GlobalSection(SolutionConfigurationPlatforms) = preSolution
		Debug|Any CPU = Debug|Any CPU
		Release|Any CPU = Release|Any CPU
	EndGlobalSection
	GlobalSection(ProjectConfigurationPlatforms) = postSolution
		{A207A0E0-2EBE-44D5-A0E6-05E2EC6BAF6F}.Debug|Any CPU.ActiveCfg = Debug|Any CPU
		{A207A0E0-2EBE-44D5-A0E6-05E2EC6BAF6F}.Debug|Any CPU.Build.0 = Debug|Any CPU
		{A207A0E0-2EBE-44D5-A0E6-05E2EC6BAF6F}.Release|Any CPU.ActiveCfg = Release|Any CPU
		{A207A0E0-2EBE-44D5-A0E6-05E2EC6BAF6F}.Release|Any CPU.Build.0 = Release|Any CPU
		{2B718315-9469-443A-B601-53B59A81923C}.Debug|Any CPU.ActiveCfg = Debug|Any CPU
		{2B718315-9469-443A-B601-53B59A81923C}.Debug|Any CPU.Build.0 = Debug|Any CPU
		{2B718315-9469-443A-B601-53B59A81923C}.Release|Any CPU.ActiveCfg = Release|Any CPU
		{2B718315-9469-443A-B601-53B59A81923C}.Release|Any CPU.Build.0 = Release|Any CPU
		{FA2B9887-7DE6-454E-894F-4CCAF3386FFD}.Debug|Any CPU.ActiveCfg = Debug|Any CPU
		{FA2B9887-7DE6-454E-894F-4CCAF3386FFD}.Debug|Any CPU.Build.0 = Debug|Any CPU
		{FA2B9887-7DE6-454E-894F-4CCAF3386FFD}.Release|Any CPU.ActiveCfg = Release|Any CPU
		{FA2B9887-7DE6-454E-894F-4CCAF3386FFD}.Release|Any CPU.Build.0 = Release|Any CPU
		{12952025-CCD8-4AC0-BDF9-72E760E8503F}.Debug|Any CPU.ActiveCfg = Debug|Any CPU
		{12952025-CCD8-4AC0-BDF9-72E760E8503F}.Debug|Any CPU.Build.0 = Debug|Any CPU
		{12952025-CCD8-4AC0-BDF9-72E760E8503F}.Release|Any CPU.ActiveCfg = Release|Any CPU
		{12952025-CCD8-4AC0-BDF9-72E760E8503F}.Release|Any CPU.Build.0 = Release|Any CPU
		{73B7474A-35FA-4442-8731-B6152D463A1F}.Debug|Any CPU.ActiveCfg = Debug|Any CPU
		{73B7474A-35FA-4442-8731-B6152D463A1F}.Debug|Any CPU.Build.0 = Debug|Any CPU
		{73B7474A-35FA-4442-8731-B6152D463A1F}.Release|Any CPU.ActiveCfg = Release|Any CPU
		{73B7474A-35FA-4442-8731-B6152D463A1F}.Release|Any CPU.Build.0 = Release|Any CPU
		{7B9829F5-6051-4664-89D5-D73D6286D8A9}.Debug|Any CPU.ActiveCfg = Debug|Any CPU
		{7B9829F5-6051-4664-89D5-D73D6286D8A9}.Debug|Any CPU.Build.0 = Debug|Any CPU
		{7B9829F5-6051-4664-89D5-D73D6286D8A9}.Release|Any CPU.ActiveCfg = Release|Any CPU
		{7B9829F5-6051-4664-89D5-D73D6286D8A9}.Release|Any CPU.Build.0 = Release|Any CPU
		{9772739D-181F-4092-AFA1-91A48C79D57F}.Debug|Any CPU.ActiveCfg = Debug|Any CPU
		{9772739D-181F-4092-AFA1-91A48C79D57F}.Debug|Any CPU.Build.0 = Debug|Any CPU
		{9772739D-181F-4092-AFA1-91A48C79D57F}.Release|Any CPU.ActiveCfg = Release|Any CPU
		{9772739D-181F-4092-AFA1-91A48C79D57F}.Release|Any CPU.Build.0 = Release|Any CPU
	EndGlobalSection
	GlobalSection(SolutionProperties) = preSolution
		HideSolutionNode = FALSE
	EndGlobalSection
	GlobalSection(ExtensibilityGlobals) = postSolution
		SolutionGuid = {6760CCA4-8FCA-4B78-AB99-265AD9C60D6C}
	EndGlobalSection
EndGlobal
